{
  "name": "liveviewjs-phoenix-oracle-assets",
  "version": "1.0.0",
  "lockfileVersion": 3,
  "requires": true,
  "packages": {
    "": {
      "name": "liveviewjs-phoenix-oracle-assets",
      "version": "1.0.0",
      "dependencies": {
        "phoenix": "1.8.13",
        "phoenix_html": "4.3.0",
        "phoenix_live_view": "1.2.10"
      }
    },
    "node_modules/phoenix": {
      "version": "1.8.13",
      "resolved": "https://registry.npmjs.org/phoenix/-/phoenix-1.8.13.tgz",
      "integrity": "sha512-5UByH7ejdsPLd6eihwzV3L3i6YX4mHUtFjLaE8S1YuA+3aBj37rzH6KDjxBuPlB04o9ZHVz+PKRiUg3aYYvzmQ==",
      "license": "MIT"
    },
    "node_modules/phoenix_html": {
      "version": "4.3.0",
      "resolved": "https://registry.npmjs.org/phoenix_html/-/phoenix_html-4.3.0.tgz",
      "integrity": "sha512-6vnR2Y7KxEPX1DdN59AuO98TTFtsYBqfUiUOo3NY6vyVp3o94RTawdaKtELFOKfiUD7LCEclBcpCltJM2GWuKw=="
    },
    "node_modules/phoenix_live_view": {
      "version": "1.2.10",
      "resolved": "https://registry.npmjs.org/phoenix_live_view/-/phoenix_live_view-1.2.10.tgz",
      "integrity": "sha512-fDSIs4R04ubLZ71JkwgnsnTtIwBYGSMvrGgf1rIDyH7zJnhd2umsFR/nw9/6yHGKqyb7XYaOU3f01wjRZ1lsOg==",
      "license": "MIT"
    }
  }
}
