{
  "name": "liveviewjs-phoenix-oracle-assets",
  "version": "1.0.0",
  "lockfileVersion": 3,
  "requires": true,
  "packages": {
    "": {
      "name": "liveviewjs-phoenix-oracle-assets",
      "version": "1.0.0",
      "dependencies": {
        "phoenix": "1.8.13",
        "phoenix_html": "4.3.0",
        "phoenix_live_view": "1.2.9"
      }
    },
    "node_modules/morphdom": {
      "version": "2.7.8",
      "resolved": "git+https://github.com/SteffenDE/morphdom.git#3a35c8bbd3f2621f5eab967f777eb8ce7e1b9430",
      "license": "MIT"
    },
    "node_modules/phoenix": {
      "version": "1.8.13",
      "resolved": "https://registry.npmjs.org/phoenix/-/phoenix-1.8.13.tgz",
      "integrity": "sha512-5UByH7ejdsPLd6eihwzV3L3i6YX4mHUtFjLaE8S1YuA+3aBj37rzH6KDjxBuPlB04o9ZHVz+PKRiUg3aYYvzmQ==",
      "license": "MIT"
    },
    "node_modules/phoenix_html": {
      "version": "4.3.0",
      "resolved": "https://registry.npmjs.org/phoenix_html/-/phoenix_html-4.3.0.tgz",
      "integrity": "sha512-6vnR2Y7KxEPX1DdN59AuO98TTFtsYBqfUiUOo3NY6vyVp3o94RTawdaKtELFOKfiUD7LCEclBcpCltJM2GWuKw=="
    },
    "node_modules/phoenix_live_view": {
      "version": "1.2.9",
      "resolved": "https://registry.npmjs.org/phoenix_live_view/-/phoenix_live_view-1.2.9.tgz",
      "integrity": "sha512-XJo3rSOyvtoK6EzXLz3/+xjfaz6Uo9AazJpvysxll0+W61HfCtkUI5giqbGXK8UurgyPUxXaOaz6/nF+mgMX0w==",
      "license": "MIT",
      "dependencies": {
        "morphdom": "github:SteffenDE/morphdom#main"
      }
    }
  }
}
